{
  "name": "bbll",
  "version": "1.0.0",
  "lockfileVersion": 1,
  "requires": true,
  "dependencies": {
    "dayjs": {
      "version": "1.11.3",
      "resolved": "https://registry.npmjs.org/dayjs/-/dayjs-1.11.3.tgz",
      "integrity": "sha512-xxwlswWOlGhzgQ4TKzASQkUhqERI3egRNqgV4ScR8wlANA/A9tZ7miXa44vTTKEq5l7vWoL5G57bG3zA+Kow0A=="
    },
    "tdesign-miniprogram": {
      "version": "0.14.0",
      "resolved": "https://registry.npmjs.org/tdesign-miniprogram/-/tdesign-miniprogram-0.14.0.tgz",
      "integrity": "sha512-OCA7V5Cbj8onlajIi88outUU9DNeREqsYVAtQWG9cj9D8BaYxWABhasPmCqoRs+At2YMRM04a3LxWk8DVDHqtw==",
      "requires": {
        "dayjs": "^1.10.7"
      }
    }
  }
}
